// !$*UTF8*$!
{
	archiveVersion = 1;
	classes = {
	};
	objectVersion = 55;
	objects = {

/* Begin PBXBuildFile section */
		484C156B27A8596A00F37CF3 /* AppDelegate.swift in Sources */ = {isa = PBXBuildFile; fileRef = 484C156A27A8596A00F37CF3 /* AppDelegate.swift */; };
		484C156D27A8596A00F37CF3 /* SceneDelegate.swift in Sources */ = {isa = PBXBuildFile; fileRef = 484C156C27A8596A00F37CF3 /* SceneDelegate.swift */; };
		484C156F27A8596A00F37CF3 /* ViewController.swift in Sources */ = {isa = PBXBuildFile; fileRef = 484C156E27A8596A00F37CF3 /* ViewController.swift */; };
		484C157227A8596A00F37CF3 /* Main.storyboard in Resources */ = {isa = PBXBuildFile; fileRef = 484C157027A8596A00F37CF3 /* Main.storyboard */; };
		484C157427A8596B00F37CF3 /* Assets.xcassets in Resources */ = {isa = PBXBuildFile; fileRef = 484C157327A8596B00F37CF3 /* Assets.xcassets */; };
		484C157727A8596B00F37CF3 /* LaunchScreen.storyboard in Resources */ = {isa = PBXBuildFile; fileRef = 484C157527A8596B00F37CF3 /* LaunchScreen.storyboard */; };
		485624AF27F38057006B0F02 /* Session.swift in Sources */ = {isa = PBXBuildFile; fileRef = 485624AE27F38057006B0F02 /* Session.swift */; };
		4879539127CBE466007D2299 /* LikeView.swift in Sources */ = {isa = PBXBuildFile; fileRef = 4879539027CBE466007D2299 /* LikeView.swift */; };
		4879539327CBE47F007D2299 /* LikeView.xib in Resources */ = {isa = PBXBuildFile; fileRef = 4879539227CBE47F007D2299 /* LikeView.xib */; };
		488EF59227B697AE003CDF75 /* FriendsListViewController.swift in Sources */ = {isa = PBXBuildFile; fileRef = 488EF59127B697AE003CDF75 /* FriendsListViewController.swift */; };
		488EF59427B69967003CDF75 /* FriendsList.swift in Sources */ = {isa = PBXBuildFile; fileRef = 488EF59327B69967003CDF75 /* FriendsList.swift */; };
		48AB3EB727B6719300B0125C /* AllGroupListViewController.swift in Sources */ = {isa = PBXBuildFile; fileRef = 48AB3EB627B6719300B0125C /* AllGroupListViewController.swift */; };
		48AB3EBC27B6723400B0125C /* GroupsAndFriendsTableViewCell.swift in Sources */ = {isa = PBXBuildFile; fileRef = 48AB3EBA27B6723400B0125C /* GroupsAndFriendsTableViewCell.swift */; };
		48AB3EBD27B6723400B0125C /* GroupsAndFriendsTableViewCell.xib in Resources */ = {isa = PBXBuildFile; fileRef = 48AB3EBB27B6723400B0125C /* GroupsAndFriendsTableViewCell.xib */; };
		48AB3EC027B67A4F00B0125C /* Group.swift in Sources */ = {isa = PBXBuildFile; fileRef = 48AB3EBF27B67A4F00B0125C /* Group.swift */; };
		48BAC0F527CBBE2F003CA54E /* GalleryViewController.swift in Sources */ = {isa = PBXBuildFile; fileRef = 48BAC0F427CBBE2F003CA54E /* GalleryViewController.swift */; };
		48BAC0F927CBBF02003CA54E /* GalleryCollectionViewCell.swift in Sources */ = {isa = PBXBuildFile; fileRef = 48BAC0F727CBBF02003CA54E /* GalleryCollectionViewCell.swift */; };
		48BAC0FA27CBBF02003CA54E /* GalleryCollectionViewCell.xib in Resources */ = {isa = PBXBuildFile; fileRef = 48BAC0F827CBBF02003CA54E /* GalleryCollectionViewCell.xib */; };
		48CE605027BE7AE9000ED6B4 /* MyGroupViewController.swift in Sources */ = {isa = PBXBuildFile; fileRef = 48CE604F27BE7AE9000ED6B4 /* MyGroupViewController.swift */; };
		48CE605227BE7DD4000ED6B4 /* Constant.swift in Sources */ = {isa = PBXBuildFile; fileRef = 48CE605127BE7DD4000ED6B4 /* Constant.swift */; };
/* End PBXBuildFile section */

/* Begin PBXFileReference section */
		484C156727A8596A00F37CF3 /* VK_Test.app */ = {isa = PBXFileReference; explicitFileType = wrapper.application; includeInIndex = 0; path = VK_Test.app; sourceTree = BUILT_PRODUCTS_DIR; };
		484C156A27A8596A00F37CF3 /* AppDelegate.swift */ = {isa = PBXFileReference; lastKnownFileType = sourcecode.swift; path = AppDelegate.swift; sourceTree = "<group>"; };
		484C156C27A8596A00F37CF3 /* SceneDelegate.swift */ = {isa = PBXFileReference; lastKnownFileType = sourcecode.swift; path = SceneDelegate.swift; sourceTree = "<group>"; };
		484C156E27A8596A00F37CF3 /* ViewController.swift */ = {isa = PBXFileReference; lastKnownFileType = sourcecode.swift; path = ViewController.swift; sourceTree = "<group>"; };
		484C157127A8596A00F37CF3 /* Base */ = {isa = PBXFileReference; lastKnownFileType = file.storyboard; name = Base; path = Base.lproj/Main.storyboard; sourceTree = "<group>"; };
		484C157327A8596B00F37CF3 /* Assets.xcassets */ = {isa = PBXFileReference; lastKnownFileType = folder.assetcatalog; path = Assets.xcassets; sourceTree = "<group>"; };
		484C157627A8596B00F37CF3 /* Base */ = {isa = PBXFileReference; lastKnownFileType = file.storyboard; name = Base; path = Base.lproj/LaunchScreen.storyboard; sourceTree = "<group>"; };
		484C157827A8596B00F37CF3 /* Info.plist */ = {isa = PBXFileReference; lastKnownFileType = text.plist.xml; path = Info.plist; sourceTree = "<group>"; };
		485624AE27F38057006B0F02 /* Session.swift */ = {isa = PBXFileReference; lastKnownFileType = sourcecode.swift; path = Session.swift; sourceTree = "<group>"; };
		4879539027CBE466007D2299 /* LikeView.swift */ = {isa = PBXFileReference; lastKnownFileType = sourcecode.swift; path = LikeView.swift; sourceTree = "<group>"; };
		4879539227CBE47F007D2299 /* LikeView.xib */ = {isa = PBXFileReference; lastKnownFileType = file.xib; path = LikeView.xib; sourceTree = "<group>"; };
		488EF59127B697AE003CDF75 /* FriendsListViewController.swift */ = {isa = PBXFileReference; lastKnownFileType = sourcecode.swift; path = FriendsListViewController.swift; sourceTree = "<group>"; };
		488EF59327B69967003CDF75 /* FriendsList.swift */ = {isa = PBXFileReference; lastKnownFileType = sourcecode.swift; path = FriendsList.swift; sourceTree = "<group>"; };
		48AB3EB627B6719300B0125C /* AllGroupListViewController.swift */ = {isa = PBXFileReference; lastKnownFileType = sourcecode.swift; path = AllGroupListViewController.swift; sourceTree = "<group>"; };
		48AB3EBA27B6723400B0125C /* GroupsAndFriendsTableViewCell.swift */ = {isa = PBXFileReference; lastKnownFileType = sourcecode.swift; path = GroupsAndFriendsTableViewCell.swift; sourceTree = "<group>"; };
		48AB3EBB27B6723400B0125C /* GroupsAndFriendsTableViewCell.xib */ = {isa = PBXFileReference; lastKnownFileType = file.xib; path = GroupsAndFriendsTableViewCell.xib; sourceTree = "<group>"; };
		48AB3EBF27B67A4F00B0125C /* Group.swift */ = {isa = PBXFileReference; lastKnownFileType = sourcecode.swift; path = Group.swift; sourceTree = "<group>"; };
		48BAC0F427CBBE2F003CA54E /* GalleryViewController.swift */ = {isa = PBXFileReference; lastKnownFileType = sourcecode.swift; path = GalleryViewController.swift; sourceTree = "<group>"; };
		48BAC0F727CBBF02003CA54E /* GalleryCollectionViewCell.swift */ = {isa = PBXFileReference; lastKnownFileType = sourcecode.swift; path = GalleryCollectionViewCell.swift; sourceTree = "<group>"; };
		48BAC0F827CBBF02003CA54E /* GalleryCollectionViewCell.xib */ = {isa = PBXFileReference; lastKnownFileType = file.xib; path = GalleryCollectionViewCell.xib; sourceTree = "<group>"; };
		48CE604F27BE7AE9000ED6B4 /* MyGroupViewController.swift */ = {isa = PBXFileReference; lastKnownFileType = sourcecode.swift; path = MyGroupViewController.swift; sourceTree = "<group>"; };
		48CE605127BE7DD4000ED6B4 /* Constant.swift */ = {isa = PBXFileReference; lastKnownFileType = sourcecode.swift; path = Constant.swift; sourceTree = "<group>"; };
/* End PBXFileReference section */

/* Begin PBXFrameworksBuildPhase section */
		484C156427A8596A00F37CF3 /* Frameworks */ = {
			isa = PBXFrameworksBuildPhase;
			buildActionMask = 2147483647;
			files = (
			);
			runOnlyForDeploymentPostprocessing = 0;
		};
/* End PBXFrameworksBuildPhase section */

/* Begin PBXGroup section */
		484C155E27A8596A00F37CF3 = {
			isa = PBXGroup;
			children = (
				484C156927A8596A00F37CF3 /* VK_Test */,
				484C156827A8596A00F37CF3 /* Products */,
			);
			sourceTree = "<group>";
		};
		484C156827A8596A00F37CF3 /* Products */ = {
			isa = PBXGroup;
			children = (
				484C156727A8596A00F37CF3 /* VK_Test.app */,
			);
			name = Products;
			sourceTree = "<group>";
		};
		484C156927A8596A00F37CF3 /* VK_Test */ = {
			isa = PBXGroup;
			children = (
				48AB3EBE27B67A0A00B0125C /* Model */,
				484C156A27A8596A00F37CF3 /* AppDelegate.swift */,
				484C156C27A8596A00F37CF3 /* SceneDelegate.swift */,
				48CE605127BE7DD4000ED6B4 /* Constant.swift */,
				4879538F27CBD81B007D2299 /* CustomView */,
				48AB3EB827B671B700B0125C /* Cell */,
				48AB3EB427B6712400B0125C /* ViewController */,
				484C157027A8596A00F37CF3 /* Main.storyboard */,
				484C157327A8596B00F37CF3 /* Assets.xcassets */,
				484C157527A8596B00F37CF3 /* LaunchScreen.storyboard */,
				484C157827A8596B00F37CF3 /* Info.plist */,
			);
			path = VK_Test;
			sourceTree = "<group>";
		};
		4879538F27CBD81B007D2299 /* CustomView */ = {
			isa = PBXGroup;
			children = (
				4879539427CBF26A007D2299 /* LikeView */,
			);
			path = CustomView;
			sourceTree = "<group>";
		};
		4879539427CBF26A007D2299 /* LikeView */ = {
			isa = PBXGroup;
			children = (
				4879539027CBE466007D2299 /* LikeView.swift */,
				4879539227CBE47F007D2299 /* LikeView.xib */,
			);
			path = LikeView;
			sourceTree = "<group>";
		};
		488EF59027B6978A003CDF75 /* FriendsList */ = {
			isa = PBXGroup;
			children = (
				488EF59127B697AE003CDF75 /* FriendsListViewController.swift */,
				48BAC0F427CBBE2F003CA54E /* GalleryViewController.swift */,
			);
			path = FriendsList;
			sourceTree = "<group>";
		};
		48AB3EB427B6712400B0125C /* ViewController */ = {
			isa = PBXGroup;
			children = (
				488EF59027B6978A003CDF75 /* FriendsList */,
				48AB3EB527B6714600B0125C /* Groups */,
				484C156E27A8596A00F37CF3 /* ViewController.swift */,
			);
			path = ViewController;
			sourceTree = "<group>";
		};
		48AB3EB527B6714600B0125C /* Groups */ = {
			isa = PBXGroup;
			children = (
				48AB3EB627B6719300B0125C /* AllGroupListViewController.swift */,
				48CE604F27BE7AE9000ED6B4 /* MyGroupViewController.swift */,
			);
			path = Groups;
			sourceTree = "<group>";
		};
		48AB3EB827B671B700B0125C /* Cell */ = {
			isa = PBXGroup;
			children = (
				48BAC0F627CBBEC5003CA54E /* GalleryCell */,
				48AB3EB927B671ED00B0125C /* GroupsAndFriendsCell */,
			);
			path = Cell;
			sourceTree = "<group>";
		};
		48AB3EB927B671ED00B0125C /* GroupsAndFriendsCell */ = {
			isa = PBXGroup;
			children = (
				48AB3EBA27B6723400B0125C /* GroupsAndFriendsTableViewCell.swift */,
				48AB3EBB27B6723400B0125C /* GroupsAndFriendsTableViewCell.xib */,
			);
			path = GroupsAndFriendsCell;
			sourceTree = "<group>";
		};
		48AB3EBE27B67A0A00B0125C /* Model */ = {
			isa = PBXGroup;
			children = (
				48AB3EBF27B67A4F00B0125C /* Group.swift */,
				488EF59327B69967003CDF75 /* FriendsList.swift */,
				485624AE27F38057006B0F02 /* Session.swift */,
			);
			path = Model;
			sourceTree = "<group>";
		};
		48BAC0F627CBBEC5003CA54E /* GalleryCell */ = {
			isa = PBXGroup;
			children = (
				48BAC0F727CBBF02003CA54E /* GalleryCollectionViewCell.swift */,
				48BAC0F827CBBF02003CA54E /* GalleryCollectionViewCell.xib */,
			);
			path = GalleryCell;
			sourceTree = "<group>";
		};
/* End PBXGroup section */

/* Begin PBXNativeTarget section */
		484C156627A8596A00F37CF3 /* VK_Test */ = {
			isa = PBXNativeTarget;
			buildConfigurationList = 484C157B27A8596B00F37CF3 /* Build configuration list for PBXNativeTarget "VK_Test" */;
			buildPhases = (
				484C156327A8596A00F37CF3 /* Sources */,
				484C156427A8596A00F37CF3 /* Frameworks */,
				484C156527A8596A00F37CF3 /* Resources */,
			);
			buildRules = (
			);
			dependencies = (
			);
			name = VK_Test;
			productName = VK_Test;
			productReference = 484C156727A8596A00F37CF3 /* VK_Test.app */;
			productType = "com.apple.product-type.application";
		};
/* End PBXNativeTarget section */

/* Begin PBXProject section */
		484C155F27A8596A00F37CF3 /* Project object */ = {
			isa = PBXProject;
			attributes = {
				BuildIndependentTargetsInParallel = 1;
				LastSwiftUpdateCheck = 1320;
				LastUpgradeCheck = 1320;
				TargetAttributes = {
					484C156627A8596A00F37CF3 = {
						CreatedOnToolsVersion = 13.2.1;
					};
				};
			};
			buildConfigurationList = 484C156227A8596A00F37CF3 /* Build configuration list for PBXProject "VK_Test" */;
			compatibilityVersion = "Xcode 13.0";
			developmentRegion = en;
			hasScannedForEncodings = 0;
			knownRegions = (
				en,
				Base,
			);
			mainGroup = 484C155E27A8596A00F37CF3;
			productRefGroup = 484C156827A8596A00F37CF3 /* Products */;
			projectDirPath = "";
			projectRoot = "";
			targets = (
				484C156627A8596A00F37CF3 /* VK_Test */,
			);
		};
/* End PBXProject section */

/* Begin PBXResourcesBuildPhase section */
		484C156527A8596A00F37CF3 /* Resources */ = {
			isa = PBXResourcesBuildPhase;
			buildActionMask = 2147483647;
			files = (
				484C157727A8596B00F37CF3 /* LaunchScreen.storyboard in Resources */,
				4879539327CBE47F007D2299 /* LikeView.xib in Resources */,
				48AB3EBD27B6723400B0125C /* GroupsAndFriendsTableViewCell.xib in Resources */,
				484C157427A8596B00F37CF3 /* Assets.xcassets in Resources */,
				48BAC0FA27CBBF02003CA54E /* GalleryCollectionViewCell.xib in Resources */,
				484C157227A8596A00F37CF3 /* Main.storyboard in Resources */,
			);
			runOnlyForDeploymentPostprocessing = 0;
		};
/* End PBXResourcesBuildPhase section */

/* Begin PBXSourcesBuildPhase section */
		484C156327A8596A00F37CF3 /* Sources */ = {
			isa = PBXSourcesBuildPhase;
			buildActionMask = 2147483647;
			files = (
				485624AF27F38057006B0F02 /* Session.swift in Sources */,
				48BAC0F527CBBE2F003CA54E /* GalleryViewController.swift in Sources */,
				48BAC0F927CBBF02003CA54E /* GalleryCollectionViewCell.swift in Sources */,
				48AB3EB727B6719300B0125C /* AllGroupListViewController.swift in Sources */,
				4879539127CBE466007D2299 /* LikeView.swift in Sources */,
				484C156F27A8596A00F37CF3 /* ViewController.swift in Sources */,
				488EF59227B697AE003CDF75 /* FriendsListViewController.swift in Sources */,
				48CE605027BE7AE9000ED6B4 /* MyGroupViewController.swift in Sources */,
				488EF59427B69967003CDF75 /* FriendsList.swift in Sources */,
				484C156B27A8596A00F37CF3 /* AppDelegate.swift in Sources */,
				48AB3EC027B67A4F00B0125C /* Group.swift in Sources */,
				48CE605227BE7DD4000ED6B4 /* Constant.swift in Sources */,
				48AB3EBC27B6723400B0125C /* GroupsAndFriendsTableViewCell.swift in Sources */,
				484C156D27A8596A00F37CF3 /* SceneDelegate.swift in Sources */,
			);
			runOnlyForDeploymentPostprocessing = 0;
		};
/* End PBXSourcesBuildPhase section */

/* Begin PBXVariantGroup section */
		484C157027A8596A00F37CF3 /* Main.storyboard */ = {
			isa = PBXVariantGroup;
			children = (
				484C157127A8596A00F37CF3 /* Base */,
			);
			name = Main.storyboard;
			sourceTree = "<group>";
		};
		484C157527A8596B00F37CF3 /* LaunchScreen.storyboard */ = {
			isa = PBXVariantGroup;
			children = (
				484C157627A8596B00F37CF3 /* Base */,
			);
			name = LaunchScreen.storyboard;
			sourceTree = "<group>";
		};
/* End PBXVariantGroup section */

/* Begin XCBuildConfiguration section */
		484C157927A8596B00F37CF3 /* Debug */ = {
			isa = XCBuildConfiguration;
			buildSettings = {
				ALWAYS_SEARCH_USER_PATHS = NO;
				CLANG_ANALYZER_NONNULL = YES;
				CLANG_ANALYZER_NUMBER_OBJECT_CONVERSION = YES_AGGRESSIVE;
				CLANG_CXX_LANGUAGE_STANDARD = "gnu++17";
				CLANG_CXX_LIBRARY = "libc++";
				CLANG_ENABLE_MODULES = YES;
				CLANG_ENABLE_OBJC_ARC = YES;
				CLANG_ENABLE_OBJC_WEAK = YES;
				CLANG_WARN_BLOCK_CAPTURE_AUTORELEASING = YES;
				CLANG_WARN_BOOL_CONVERSION = YES;
				CLANG_WARN_COMMA = YES;
				CLANG_WARN_CONSTANT_CONVERSION = YES;
				CLANG_WARN_DEPRECATED_OBJC_IMPLEMENTATIONS = YES;
				CLANG_WARN_DIRECT_OBJC_ISA_USAGE = YES_ERROR;
				CLANG_WARN_DOCUMENTATION_COMMENTS = YES;
				CLANG_WARN_EMPTY_BODY = YES;
				CLANG_WARN_ENUM_CONVERSION = YES;
				CLANG_WARN_INFINITE_RECURSION = YES;
				CLANG_WARN_INT_CONVERSION = YES;
				CLANG_WARN_NON_LITERAL_NULL_CONVERSION = YES;
				CLANG_WARN_OBJC_IMPLICIT_RETAIN_SELF = YES;
				CLANG_WARN_OBJC_LITERAL_CONVERSION = YES;
				CLANG_WARN_OBJC_ROOT_CLASS = YES_ERROR;
				CLANG_WARN_QUOTED_INCLUDE_IN_FRAMEWORK_HEADER = YES;
				CLANG_WARN_RANGE_LOOP_ANALYSIS = YES;
				CLANG_WARN_STRICT_PROTOTYPES = YES;
				CLANG_WARN_SUSPICIOUS_MOVE = YES;
				CLANG_WARN_UNGUARDED_AVAILABILITY = YES_AGGRESSIVE;
				CLANG_WARN_UNREACHABLE_CODE = YES;
				CLANG_WARN__DUPLICATE_METHOD_MATCH = YES;
				COPY_PHASE_STRIP = NO;
				DEBUG_INFORMATION_FORMAT = dwarf;
				ENABLE_STRICT_OBJC_MSGSEND = YES;
				ENABLE_TESTABILITY = YES;
				GCC_C_LANGUAGE_STANDARD = gnu11;
				GCC_DYNAMIC_NO_PIC = NO;
				GCC_NO_COMMON_BLOCKS = YES;
				GCC_OPTIMIZATION_LEVEL = 0;
				GCC_PREPROCESSOR_DEFINITIONS = (
					"DEBUG=1",
					"$(inherited)",
				);
				GCC_WARN_64_TO_32_BIT_CONVERSION = YES;
				GCC_WARN_ABOUT_RETURN_TYPE = YES_ERROR;
				GCC_WARN_UNDECLARED_SELECTOR = YES;
				GCC_WARN_UNINITIALIZED_AUTOS = YES_AGGRESSIVE;
				GCC_WARN_UNUSED_FUNCTION = YES;
				GCC_WARN_UNUSED_VARIABLE = YES;
				IPHONEOS_DEPLOYMENT_TARGET = 15.2;
				MTL_ENABLE_DEBUG_INFO = INCLUDE_SOURCE;
				MTL_FAST_MATH = YES;
				ONLY_ACTIVE_ARCH = YES;
				SDKROOT = iphoneos;
				SWIFT_ACTIVE_COMPILATION_CONDITIONS = DEBUG;
				SWIFT_OPTIMIZATION_LEVEL = "-Onone";
			};
			name = Debug;
		};
		484C157A27A8596B00F37CF3 /* Release */ = {
			isa = XCBuildConfiguration;
			buildSettings = {
				ALWAYS_SEARCH_USER_PATHS = NO;
				CLANG_ANALYZER_NONNULL = YES;
				CLANG_ANALYZER_NUMBER_OBJECT_CONVERSION = YES_AGGRESSIVE;
				CLANG_CXX_LANGUAGE_STANDARD = "gnu++17";
				CLANG_CXX_LIBRARY = "libc++";
				CLANG_ENABLE_MODULES = YES;
				CLANG_ENABLE_OBJC_ARC = YES;
				CLANG_ENABLE_OBJC_WEAK = YES;
				CLANG_WARN_BLOCK_CAPTURE_AUTORELEASING = YES;
				CLANG_WARN_BOOL_CONVERSION = YES;
				CLANG_WARN_COMMA = YES;
				CLANG_WARN_CONSTANT_CONVERSION = YES;
				CLANG_WARN_DEPRECATED_OBJC_IMPLEMENTATIONS = YES;
				CLANG_WARN_DIRECT_OBJC_ISA_USAGE = YES_ERROR;
				CLANG_WARN_DOCUMENTATION_COMMENTS = YES;
				CLANG_WARN_EMPTY_BODY = YES;
				CLANG_WARN_ENUM_CONVERSION = YES;
				CLANG_WARN_INFINITE_RECURSION = YES;
				CLANG_WARN_INT_CONVERSION = YES;
				CLANG_WARN_NON_LITERAL_NULL_CONVERSION = YES;
				CLANG_WARN_OBJC_IMPLICIT_RETAIN_SELF = YES;
				CLANG_WARN_OBJC_LITERAL_CONVERSION = YES;
				CLANG_WARN_OBJC_ROOT_CLASS = YES_ERROR;
				CLANG_WARN_QUOTED_INCLUDE_IN_FRAMEWORK_HEADER = YES;
				CLANG_WARN_RANGE_LOOP_ANALYSIS = YES;
				CLANG_WARN_STRICT_PROTOTYPES = YES;
				CLANG_WARN_SUSPICIOUS_MOVE = YES;
				CLANG_WARN_UNGUARDED_AVAILABILITY = YES_AGGRESSIVE;
				CLANG_WARN_UNREACHABLE_CODE = YES;
				CLANG_WARN__DUPLICATE_METHOD_MATCH = YES;
				COPY_PHASE_STRIP = NO;
				DEBUG_INFORMATION_FORMAT = "dwarf-with-dsym";
				ENABLE_NS_ASSERTIONS = NO;
				ENABLE_STRICT_OBJC_MSGSEND = YES;
				GCC_C_LANGUAGE_STANDARD = gnu11;
				GCC_NO_COMMON_BLOCKS = YES;
				GCC_WARN_64_TO_32_BIT_CONVERSION = YES;
				GCC_WARN_ABOUT_RETURN_TYPE = YES_ERROR;
				GCC_WARN_UNDECLARED_SELECTOR = YES;
				GCC_WARN_UNINITIALIZED_AUTOS = YES_AGGRESSIVE;
				GCC_WARN_UNUSED_FUNCTION = YES;
				GCC_WARN_UNUSED_VARIABLE = YES;
				IPHONEOS_DEPLOYMENT_TARGET = 15.2;
				MTL_ENABLE_DEBUG_INFO = NO;
				MTL_FAST_MATH = YES;
				SDKROOT = iphoneos;
				SWIFT_COMPILATION_MODE = wholemodule;
				SWIFT_OPTIMIZATION_LEVEL = "-O";
				VALIDATE_PRODUCT = YES;
			};
			name = Release;
		};
		484C157C27A8596B00F37CF3 /* Debug */ = {
			isa = XCBuildConfiguration;
			buildSettings = {
				ASSETCATALOG_COMPILER_APPICON_NAME = AppIcon;
				ASSETCATALOG_COMPILER_GLOBAL_ACCENT_COLOR_NAME = AccentColor;
				CODE_SIGN_STYLE = Automatic;
				CURRENT_PROJECT_VERSION = 1;
				DEVELOPMENT_TEAM = 5BXF28PVPP;
				GENERATE_INFOPLIST_FILE = YES;
				INFOPLIST_FILE = VK_Test/Info.plist;
				INFOPLIST_KEY_UIApplicationSupportsIndirectInputEvents = YES;
				INFOPLIST_KEY_UILaunchStoryboardName = LaunchScreen;
				INFOPLIST_KEY_UIMainStoryboardFile = Main;
				INFOPLIST_KEY_UISupportedInterfaceOrientations = UIInterfaceOrientationPortrait;
				INFOPLIST_KEY_UISupportedInterfaceOrientations_iPad = "UIInterfaceOrientationPortrait UIInterfaceOrientationPortraitUpsideDown UIInterfaceOrientationLandscapeLeft UIInterfaceOrientationLandscapeRight";
				INFOPLIST_KEY_UISupportedInterfaceOrientations_iPhone = "UIInterfaceOrientationPortrait UIInterfaceOrientationLandscapeLeft UIInterfaceOrientationLandscapeRight";
				LD_RUNPATH_SEARCH_PATHS = (
					"$(inherited)",
					"@executable_path/Frameworks",
				);
				MARKETING_VERSION = 1.0.1;
				PRODUCT_BUNDLE_IDENTIFIER = "BearTeam.VK-Test";
				PRODUCT_NAME = "$(TARGET_NAME)";
				SWIFT_EMIT_LOC_STRINGS = YES;
				SWIFT_VERSION = 5.0;
				TARGETED_DEVICE_FAMILY = "1,2";
			};
			name = Debug;
		};
		484C157D27A8596B00F37CF3 /* Release */ = {
			isa = XCBuildConfiguration;
			buildSettings = {
				ASSETCATALOG_COMPILER_APPICON_NAME = AppIcon;
				ASSETCATALOG_COMPILER_GLOBAL_ACCENT_COLOR_NAME = AccentColor;
				CODE_SIGN_STYLE = Automatic;
				CURRENT_PROJECT_VERSION = 1;
				DEVELOPMENT_TEAM = 5BXF28PVPP;
				GENERATE_INFOPLIST_FILE = YES;
				INFOPLIST_FILE = VK_Test/Info.plist;
				INFOPLIST_KEY_UIApplicationSupportsIndirectInputEvents = YES;
				INFOPLIST_KEY_UILaunchStoryboardName = LaunchScreen;
				INFOPLIST_KEY_UIMainStoryboardFile = Main;
				INFOPLIST_KEY_UISupportedInterfaceOrientations = UIInterfaceOrientationPortrait;
				INFOPLIST_KEY_UISupportedInterfaceOrientations_iPad = "UIInterfaceOrientationPortrait UIInterfaceOrientationPortraitUpsideDown UIInterfaceOrientationLandscapeLeft UIInterfaceOrientationLandscapeRight";
				INFOPLIST_KEY_UISupportedInterfaceOrientations_iPhone = "UIInterfaceOrientationPortrait UIInterfaceOrientationLandscapeLeft UIInterfaceOrientationLandscapeRight";
				LD_RUNPATH_SEARCH_PATHS = (
					"$(inherited)",
					"@executable_path/Frameworks",
				);
				MARKETING_VERSION = 1.0.1;
				PRODUCT_BUNDLE_IDENTIFIER = "BearTeam.VK-Test";
				PRODUCT_NAME = "$(TARGET_NAME)";
				SWIFT_EMIT_LOC_STRINGS = YES;
				SWIFT_VERSION = 5.0;
				TARGETED_DEVICE_FAMILY = "1,2";
			};
			name = Release;
		};
/* End XCBuildConfiguration section */

/* Begin XCConfigurationList section */
		484C156227A8596A00F37CF3 /* Build configuration list for PBXProject "VK_Test" */ = {
			isa = XCConfigurationList;
			buildConfigurations = (
				484C157927A8596B00F37CF3 /* Debug */,
				484C157A27A8596B00F37CF3 /* Release */,
			);
			defaultConfigurationIsVisible = 0;
			defaultConfigurationName = Release;
		};
		484C157B27A8596B00F37CF3 /* Build configuration list for PBXNativeTarget "VK_Test" */ = {
			isa = XCConfigurationList;
			buildConfigurations = (
				484C157C27A8596B00F37CF3 /* Debug */,
				484C157D27A8596B00F37CF3 /* Release */,
			);
			defaultConfigurationIsVisible = 0;
			defaultConfigurationName = Release;
		};
/* End XCConfigurationList section */
	};
	rootObject = 484C155F27A8596A00F37CF3 /* Project object */;
}
